
Microsoft Visual Studio Solution File, Format Version 12.00
# Visual Studio Version 16
VisualStudioVersion = 16.0.30717.126
MinimumVisualStudioVersion = 10.0.40219.1
Project("{FAE04EC0-301F-11D3-BF4B-00C04F79EFBC}") = "BridgeToKuberbernetesInterceptor.Front", "BridgeToKuberbernetesInterceptor.Front\BridgeToKuberbernetesInterceptor.Front.csproj", "{5E482108-368A-4079-A52B-F5A883703196}"
EndProject
Project("{FAE04EC0-301F-11D3-BF4B-00C04F79EFBC}") = "BridgeToKubernetesInterceptor.Back", "BridgeToKubernetesInterceptor.Back\BridgeToKubernetesInterceptor.Back.csproj", "{A4EF1EBD-9F69-4AF3-837C-E6D1E6C4D0EE}"
EndProject
Project("{2150E333-8FDC-42A3-9474-1A3956D46DE8}") = "Solution Items", "Solution Items", "{3094027D-59E7-49E5-A7B1-47E1BAB2F575}"
	ProjectSection(SolutionItems) = preProject
		README.md = README.md
	EndProjectSection
EndProject
Global
	GlobalSection(SolutionConfigurationPlatforms) = preSolution
		Debug|Any CPU = Debug|Any CPU
		Release|Any CPU = Release|Any CPU
	EndGlobalSection
	GlobalSection(ProjectConfigurationPlatforms) = postSolution
		{5E482108-368A-4079-A52B-F5A883703196}.Debug|Any CPU.ActiveCfg = Debug|Any CPU
		{5E482108-368A-4079-A52B-F5A883703196}.Debug|Any CPU.Build.0 = Debug|Any CPU
		{5E482108-368A-4079-A52B-F5A883703196}.Release|Any CPU.ActiveCfg = Release|Any CPU
		{5E482108-368A-4079-A52B-F5A883703196}.Release|Any CPU.Build.0 = Release|Any CPU
		{A4EF1EBD-9F69-4AF3-837C-E6D1E6C4D0EE}.Debug|Any CPU.ActiveCfg = Debug|Any CPU
		{A4EF1EBD-9F69-4AF3-837C-E6D1E6C4D0EE}.Debug|Any CPU.Build.0 = Debug|Any CPU
		{A4EF1EBD-9F69-4AF3-837C-E6D1E6C4D0EE}.Release|Any CPU.ActiveCfg = Release|Any CPU
		{A4EF1EBD-9F69-4AF3-837C-E6D1E6C4D0EE}.Release|Any CPU.Build.0 = Release|Any CPU
	EndGlobalSection
	GlobalSection(SolutionProperties) = preSolution
		HideSolutionNode = FALSE
	EndGlobalSection
	GlobalSection(ExtensibilityGlobals) = postSolution
		SolutionGuid = {9134EF90-0124-4147-8892-0669F9167DBF}
	EndGlobalSection
EndGlobal
